{
  "name": "js-interpreter-demo-nodejs",
  "version": "1.0.0",
  "lockfileVersion": 1,
  "requires": true,
  "dependencies": {
    "@types/acorn": {
      "version": "4.0.2",
      "resolved": "https://registry.npmjs.org/@types/acorn/-/acorn-4.0.2.tgz",
      "integrity": "sha1-XDfa3oV6U8FCWMkU1D5jQHauw/0=",
      "dev": true,
      "requires": {
        "@types/estree": "0.0.37"
      }
    },
    "@types/estree": {
      "version": "0.0.37",
      "resolved": "https://registry.npmjs.org/@types/estree/-/estree-0.0.37.tgz",
      "integrity": "sha512-1IT6vNpmU9w18P3v6mN9idv18z5KPVTi4t7+rU9VLnkxo0LCam8IXy/eSVzOaQ1Wpabra2cN3A8K/SliPK/Suw=="
    },
    "@types/node": {
      "version": "8.0.20",
      "resolved": "https://registry.npmjs.org/@types/node/-/node-8.0.20.tgz",
      "integrity": "sha512-MnB7YEpmLUyEWRVRhKpRs4swwqITnY8BcVFPoTuCl99SCplI/lLUiU5vcJ/OANDqwkpdIg0pDEM38K22KQT2RA==",
      "dev": true
    },
    "acorn": {
      "version": "0.4.2",
      "resolved": "https://registry.npmjs.org/acorn/-/acorn-0.4.2.tgz",
      "integrity": "sha1-x5qMEumP5sWmAPKAcCMtTt4wiw4="
    },
    "JS-Interpreter": {
      "version": "git+https://github.com/arcatdmz/JS-Interpreter.git#39cbd828eb71b6e80745e60ad9f23f46f9eb4d7b",
      "requires": {
        "@types/estree": "0.0.37"
      }
    }
  }
}
