{
  "name": "JS-Interpreter",
  "version": "0.1.0",
  "lockfileVersion": 1,
  "requires": true,
  "dependencies": {
    "@types/estree": {
      "version": "0.0.37",
      "resolved": "https://registry.npmjs.org/@types/estree/-/estree-0.0.37.tgz",
      "integrity": "sha512-1IT6vNpmU9w18P3v6mN9idv18z5KPVTi4t7+rU9VLnkxo0LCam8IXy/eSVzOaQ1Wpabra2cN3A8K/SliPK/Suw=="
    }
  }
}
