{
  "name": "JS-Interpreter",
  "version": "1.0.0",
  "lockfileVersion": 1,
  "requires": true,
  "dependencies": {
    "@types/requirejs": {
      "version": "2.1.30",
      "resolved": "https://registry.npmjs.org/@types/requirejs/-/requirejs-2.1.30.tgz",
      "integrity": "sha512-qsxhA0AkYkC9AU+dQepOXzBJycmbY+XRM1DIEC3cZS/eYDz03cLHq0UAb1rkCa+s6KOSA7WxRqOuD5d4c7n+AQ=="
    }
  }
}
